
Microsoft Visual Studio Solution File, Format Version 12.00
# Visual Studio Version 17
VisualStudioVersion = 17.4.33103.184
MinimumVisualStudioVersion = 10.0.40219.1
Project("{FAE04EC0-301F-11D3-BF4B-00C04F79EFBC}") = "ScureAPI_JWT", "ScureAPI_JWT\ScureAPI_JWT.csproj", "{F9B76FF8-63F5-435B-8587-C8876F40CC0B}"
EndProject
Global
	GlobalSection(SolutionConfigurationPlatforms) = preSolution
		Debug|Any CPU = Debug|Any CPU
		Release|Any CPU = Release|Any CPU
	EndGlobalSection
	GlobalSection(ProjectConfigurationPlatforms) = postSolution
		{F9B76FF8-63F5-435B-8587-C8876F40CC0B}.Debug|Any CPU.ActiveCfg = Debug|Any CPU
		{F9B76FF8-63F5-435B-8587-C8876F40CC0B}.Debug|Any CPU.Build.0 = Debug|Any CPU
		{F9B76FF8-63F5-435B-8587-C8876F40CC0B}.Release|Any CPU.ActiveCfg = Release|Any CPU
		{F9B76FF8-63F5-435B-8587-C8876F40CC0B}.Release|Any CPU.Build.0 = Release|Any CPU
	EndGlobalSection
	GlobalSection(SolutionProperties) = preSolution
		HideSolutionNode = FALSE
	EndGlobalSection
	GlobalSection(ExtensibilityGlobals) = postSolution
		SolutionGuid = {0A7BB58B-0D18-44DD-ADC6-7D9F736E0FB2}
	EndGlobalSection
EndGlobal
